
Microsoft Visual Studio Solution File, Format Version 12.00
# Visual Studio Version 17
VisualStudioVersion = 17.5.33502.453
MinimumVisualStudioVersion = 10.0.40219.1
Project("{FAE04EC0-301F-11D3-BF4B-00C04F79EFBC}") = "eTickets", "eTickets\eTickets.csproj", "{3A11DD74-B8BF-4F77-9E2B-EB7B0AA3D451}"
EndProject
Global
	GlobalSection(SolutionConfigurationPlatforms) = preSolution
		Debug|Any CPU = Debug|Any CPU
		Release|Any CPU = Release|Any CPU
	EndGlobalSection
	GlobalSection(ProjectConfigurationPlatforms) = postSolution
		{3A11DD74-B8BF-4F77-9E2B-EB7B0AA3D451}.Debug|Any CPU.ActiveCfg = Debug|Any CPU
		{3A11DD74-B8BF-4F77-9E2B-EB7B0AA3D451}.Debug|Any CPU.Build.0 = Debug|Any CPU
		{3A11DD74-B8BF-4F77-9E2B-EB7B0AA3D451}.Release|Any CPU.ActiveCfg = Release|Any CPU
		{3A11DD74-B8BF-4F77-9E2B-EB7B0AA3D451}.Release|Any CPU.Build.0 = Release|Any CPU
	EndGlobalSection
	GlobalSection(SolutionProperties) = preSolution
		HideSolutionNode = FALSE
	EndGlobalSection
	GlobalSection(ExtensibilityGlobals) = postSolution
		SolutionGuid = {C03E83A6-1A95-4919-8A90-05C87B78BDCC}
	EndGlobalSection
EndGlobal
